
Microsoft Visual Studio Solution File, Format Version 12.00
Project("{2150E333-8FDC-42A3-9474-1A3956D46DE8}") = "src", "src", "{6BC811CF-A2CC-4F5B-8F4C-702F5DFB5A03}"
EndProject
Project("{FAE04EC0-301F-11D3-BF4B-00C04F79EFBC}") = "Nedrech.NumericalTriangle", "Nedrech.NumericalTriangle\Nedrech.NumericalTriangle.csproj", "{76A37CAF-4851-4E5B-A11D-27C17C6A3698}"
EndProject
Global
	GlobalSection(SolutionConfigurationPlatforms) = preSolution
		Debug|Any CPU = Debug|Any CPU
		Release|Any CPU = Release|Any CPU
	EndGlobalSection
	GlobalSection(ProjectConfigurationPlatforms) = postSolution
		{76A37CAF-4851-4E5B-A11D-27C17C6A3698}.Debug|Any CPU.ActiveCfg = Debug|Any CPU
		{76A37CAF-4851-4E5B-A11D-27C17C6A3698}.Debug|Any CPU.Build.0 = Debug|Any CPU
		{76A37CAF-4851-4E5B-A11D-27C17C6A3698}.Release|Any CPU.ActiveCfg = Release|Any CPU
		{76A37CAF-4851-4E5B-A11D-27C17C6A3698}.Release|Any CPU.Build.0 = Release|Any CPU
	EndGlobalSection
	GlobalSection(NestedProjects) = preSolution
		{76A37CAF-4851-4E5B-A11D-27C17C6A3698} = {6BC811CF-A2CC-4F5B-8F4C-702F5DFB5A03}
	EndGlobalSection
EndGlobal
